
Microsoft Visual Studio Solution File, Format Version 12.00
# Visual Studio 15
VisualStudioVersion = 15.0.28010.2041
MinimumVisualStudioVersion = 10.0.40219.1
Project("{FAE04EC0-301F-11D3-BF4B-00C04F79EFBC}") = "GHUpload_Test.Android", "GHUpload_Test\GHUpload_Test.Android\GHUpload_Test.Android.csproj", "{24CE3C36-16B9-426D-AA0C-5961ECF8D88C}"
EndProject
Project("{FAE04EC0-301F-11D3-BF4B-00C04F79EFBC}") = "GHUpload_Test.iOS", "GHUpload_Test\GHUpload_Test.iOS\GHUpload_Test.iOS.csproj", "{CC294385-F5AE-461F-B6AA-70D5EB100C71}"
EndProject
Project("{FAE04EC0-301F-11D3-BF4B-00C04F79EFBC}") = "GHUpload_Test.UWP", "GHUpload_Test\GHUpload_Test.UWP\GHUpload_Test.UWP.csproj", "{A2AF85CC-E7D2-477C-810D-6FFFC882203D}"
EndProject
Project("{FAE04EC0-301F-11D3-BF4B-00C04F79EFBC}") = "GHUpload_Test", "GHUpload_Test\GHUpload_Test\GHUpload_Test.csproj", "{B5F9AA58-00AB-4AD1-9A67-FF981D684CF6}"
EndProject
Global
	GlobalSection(SolutionConfigurationPlatforms) = preSolution
		Debug|Any CPU = Debug|Any CPU
		Debug|ARM = Debug|ARM
		Debug|iPhone = Debug|iPhone
		Debug|iPhoneSimulator = Debug|iPhoneSimulator
		Debug|x64 = Debug|x64
		Debug|x86 = Debug|x86
		Release|Any CPU = Release|Any CPU
		Release|ARM = Release|ARM
		Release|iPhone = Release|iPhone
		Release|iPhoneSimulator = Release|iPhoneSimulator
		Release|x64 = Release|x64
		Release|x86 = Release|x86
	EndGlobalSection
	GlobalSection(ProjectConfigurationPlatforms) = postSolution
		{24CE3C36-16B9-426D-AA0C-5961ECF8D88C}.Debug|Any CPU.ActiveCfg = Debug|Any CPU
		{24CE3C36-16B9-426D-AA0C-5961ECF8D88C}.Debug|Any CPU.Build.0 = Debug|Any CPU
		{24CE3C36-16B9-426D-AA0C-5961ECF8D88C}.Debug|Any CPU.Deploy.0 = Debug|Any CPU
		{24CE3C36-16B9-426D-AA0C-5961ECF8D88C}.Debug|ARM.ActiveCfg = Debug|Any CPU
		{24CE3C36-16B9-426D-AA0C-5961ECF8D88C}.Debug|ARM.Build.0 = Debug|Any CPU
		{24CE3C36-16B9-426D-AA0C-5961ECF8D88C}.Debug|ARM.Deploy.0 = Debug|Any CPU
		{24CE3C36-16B9-426D-AA0C-5961ECF8D88C}.Debug|iPhone.ActiveCfg = Debug|Any CPU
		{24CE3C36-16B9-426D-AA0C-5961ECF8D88C}.Debug|iPhone.Build.0 = Debug|Any CPU
		{24CE3C36-16B9-426D-AA0C-5961ECF8D88C}.Debug|iPhone.Deploy.0 = Debug|Any CPU
		{24CE3C36-16B9-426D-AA0C-5961ECF8D88C}.Debug|iPhoneSimulator.ActiveCfg = Debug|Any CPU
		{24CE3C36-16B9-426D-AA0C-5961ECF8D88C}.Debug|iPhoneSimulator.Build.0 = Debug|Any CPU
		{24CE3C36-16B9-426D-AA0C-5961ECF8D88C}.Debug|iPhoneSimulator.Deploy.0 = Debug|Any CPU
		{24CE3C36-16B9-426D-AA0C-5961ECF8D88C}.Debug|x64.ActiveCfg = Debug|Any CPU
		{24CE3C36-16B9-426D-AA0C-5961ECF8D88C}.Debug|x64.Build.0 = Debug|Any CPU
		{24CE3C36-16B9-426D-AA0C-5961ECF8D88C}.Debug|x64.Deploy.0 = Debug|Any CPU
		{24CE3C36-16B9-426D-AA0C-5961ECF8D88C}.Debug|x86.ActiveCfg = Debug|Any CPU
		{24CE3C36-16B9-426D-AA0C-5961ECF8D88C}.Debug|x86.Build.0 = Debug|Any CPU
		{24CE3C36-16B9-426D-AA0C-5961ECF8D88C}.Debug|x86.Deploy.0 = Debug|Any CPU
		{24CE3C36-16B9-426D-AA0C-5961ECF8D88C}.Release|Any CPU.ActiveCfg = Release|Any CPU
		{24CE3C36-16B9-426D-AA0C-5961ECF8D88C}.Release|Any CPU.Build.0 = Release|Any CPU
		{24CE3C36-16B9-426D-AA0C-5961ECF8D88C}.Release|Any CPU.Deploy.0 = Release|Any CPU
		{24CE3C36-16B9-426D-AA0C-5961ECF8D88C}.Release|ARM.ActiveCfg = Release|Any CPU
		{24CE3C36-16B9-426D-AA0C-5961ECF8D88C}.Release|ARM.Build.0 = Release|Any CPU
		{24CE3C36-16B9-426D-AA0C-5961ECF8D88C}.Release|ARM.Deploy.0 = Release|Any CPU
		{24CE3C36-16B9-426D-AA0C-5961ECF8D88C}.Release|iPhone.ActiveCfg = Release|Any CPU
		{24CE3C36-16B9-426D-AA0C-5961ECF8D88C}.Release|iPhone.Build.0 = Release|Any CPU
		{24CE3C36-16B9-426D-AA0C-5961ECF8D88C}.Release|iPhone.Deploy.0 = Release|Any CPU
		{24CE3C36-16B9-426D-AA0C-5961ECF8D88C}.Release|iPhoneSimulator.ActiveCfg = Release|Any CPU
		{24CE3C36-16B9-426D-AA0C-5961ECF8D88C}.Release|iPhoneSimulator.Build.0 = Release|Any CPU
		{24CE3C36-16B9-426D-AA0C-5961ECF8D88C}.Release|iPhoneSimulator.Deploy.0 = Release|Any CPU
		{24CE3C36-16B9-426D-AA0C-5961ECF8D88C}.Release|x64.ActiveCfg = Release|Any CPU
		{24CE3C36-16B9-426D-AA0C-5961ECF8D88C}.Release|x64.Build.0 = Release|Any CPU
		{24CE3C36-16B9-426D-AA0C-5961ECF8D88C}.Release|x64.Deploy.0 = Release|Any CPU
		{24CE3C36-16B9-426D-AA0C-5961ECF8D88C}.Release|x86.ActiveCfg = Release|Any CPU
		{24CE3C36-16B9-426D-AA0C-5961ECF8D88C}.Release|x86.Build.0 = Release|Any CPU
		{24CE3C36-16B9-426D-AA0C-5961ECF8D88C}.Release|x86.Deploy.0 = Release|Any CPU
		{CC294385-F5AE-461F-B6AA-70D5EB100C71}.Debug|Any CPU.ActiveCfg = Debug|iPhoneSimulator
		{CC294385-F5AE-461F-B6AA-70D5EB100C71}.Debug|Any CPU.Build.0 = Debug|iPhoneSimulator
		{CC294385-F5AE-461F-B6AA-70D5EB100C71}.Debug|Any CPU.Deploy.0 = Debug|iPhoneSimulator
		{CC294385-F5AE-461F-B6AA-70D5EB100C71}.Debug|ARM.ActiveCfg = Debug|iPhone
		{CC294385-F5AE-461F-B6AA-70D5EB100C71}.Debug|ARM.Build.0 = Debug|iPhone
		{CC294385-F5AE-461F-B6AA-70D5EB100C71}.Debug|ARM.Deploy.0 = Debug|iPhone
		{CC294385-F5AE-461F-B6AA-70D5EB100C71}.Debug|iPhone.ActiveCfg = Debug|iPhone
		{CC294385-F5AE-461F-B6AA-70D5EB100C71}.Debug|iPhone.Build.0 = Debug|iPhone
		{CC294385-F5AE-461F-B6AA-70D5EB100C71}.Debug|iPhone.Deploy.0 = Debug|iPhone
		{CC294385-F5AE-461F-B6AA-70D5EB100C71}.Debug|iPhoneSimulator.ActiveCfg = Debug|iPhoneSimulator
		{CC294385-F5AE-461F-B6AA-70D5EB100C71}.Debug|iPhoneSimulator.Build.0 = Debug|iPhoneSimulator
		{CC294385-F5AE-461F-B6AA-70D5EB100C71}.Debug|iPhoneSimulator.Deploy.0 = Debug|iPhoneSimulator
		{CC294385-F5AE-461F-B6AA-70D5EB100C71}.Debug|x64.ActiveCfg = Debug|iPhone
		{CC294385-F5AE-461F-B6AA-70D5EB100C71}.Debug|x64.Build.0 = Debug|iPhone
		{CC294385-F5AE-461F-B6AA-70D5EB100C71}.Debug|x64.Deploy.0 = Debug|iPhone
		{CC294385-F5AE-461F-B6AA-70D5EB100C71}.Debug|x86.ActiveCfg = Debug|iPhone
		{CC294385-F5AE-461F-B6AA-70D5EB100C71}.Debug|x86.Build.0 = Debug|iPhone
		{CC294385-F5AE-461F-B6AA-70D5EB100C71}.Debug|x86.Deploy.0 = Debug|iPhone
		{CC294385-F5AE-461F-B6AA-70D5EB100C71}.Release|Any CPU.ActiveCfg = Release|iPhone
		{CC294385-F5AE-461F-B6AA-70D5EB100C71}.Release|Any CPU.Build.0 = Release|iPhone
		{CC294385-F5AE-461F-B6AA-70D5EB100C71}.Release|Any CPU.Deploy.0 = Release|iPhone
		{CC294385-F5AE-461F-B6AA-70D5EB100C71}.Release|ARM.ActiveCfg = Release|iPhone
		{CC294385-F5AE-461F-B6AA-70D5EB100C71}.Release|ARM.Build.0 = Release|iPhone
		{CC294385-F5AE-461F-B6AA-70D5EB100C71}.Release|ARM.Deploy.0 = Release|iPhone
		{CC294385-F5AE-461F-B6AA-70D5EB100C71}.Release|iPhone.ActiveCfg = Release|iPhone
		{CC294385-F5AE-461F-B6AA-70D5EB100C71}.Release|iPhone.Build.0 = Release|iPhone
		{CC294385-F5AE-461F-B6AA-70D5EB100C71}.Release|iPhone.Deploy.0 = Release|iPhone
		{CC294385-F5AE-461F-B6AA-70D5EB100C71}.Release|iPhoneSimulator.ActiveCfg = Release|iPhoneSimulator
		{CC294385-F5AE-461F-B6AA-70D5EB100C71}.Release|iPhoneSimulator.Build.0 = Release|iPhoneSimulator
		{CC294385-F5AE-461F-B6AA-70D5EB100C71}.Release|iPhoneSimulator.Deploy.0 = Release|iPhoneSimulator
		{CC294385-F5AE-461F-B6AA-70D5EB100C71}.Release|x64.ActiveCfg = Release|iPhone
		{CC294385-F5AE-461F-B6AA-70D5EB100C71}.Release|x64.Build.0 = Release|iPhone
		{CC294385-F5AE-461F-B6AA-70D5EB100C71}.Release|x64.Deploy.0 = Release|iPhone
		{CC294385-F5AE-461F-B6AA-70D5EB100C71}.Release|x86.ActiveCfg = Release|iPhone
		{CC294385-F5AE-461F-B6AA-70D5EB100C71}.Release|x86.Build.0 = Release|iPhone
		{CC294385-F5AE-461F-B6AA-70D5EB100C71}.Release|x86.Deploy.0 = Release|iPhone
		{A2AF85CC-E7D2-477C-810D-6FFFC882203D}.Debug|Any CPU.ActiveCfg = Debug|x86
		{A2AF85CC-E7D2-477C-810D-6FFFC882203D}.Debug|Any CPU.Build.0 = Debug|x86
		{A2AF85CC-E7D2-477C-810D-6FFFC882203D}.Debug|Any CPU.Deploy.0 = Debug|x86
		{A2AF85CC-E7D2-477C-810D-6FFFC882203D}.Debug|ARM.ActiveCfg = Debug|ARM
		{A2AF85CC-E7D2-477C-810D-6FFFC882203D}.Debug|ARM.Build.0 = Debug|ARM
		{A2AF85CC-E7D2-477C-810D-6FFFC882203D}.Debug|ARM.Deploy.0 = Debug|ARM
		{A2AF85CC-E7D2-477C-810D-6FFFC882203D}.Debug|iPhone.ActiveCfg = Debug|x86
		{A2AF85CC-E7D2-477C-810D-6FFFC882203D}.Debug|iPhone.Build.0 = Debug|x86
		{A2AF85CC-E7D2-477C-810D-6FFFC882203D}.Debug|iPhone.Deploy.0 = Debug|x86
		{A2AF85CC-E7D2-477C-810D-6FFFC882203D}.Debug|iPhoneSimulator.ActiveCfg = Debug|x86
		{A2AF85CC-E7D2-477C-810D-6FFFC882203D}.Debug|iPhoneSimulator.Build.0 = Debug|x86
		{A2AF85CC-E7D2-477C-810D-6FFFC882203D}.Debug|iPhoneSimulator.Deploy.0 = Debug|x86
		{A2AF85CC-E7D2-477C-810D-6FFFC882203D}.Debug|x64.ActiveCfg = Debug|x64
		{A2AF85CC-E7D2-477C-810D-6FFFC882203D}.Debug|x64.Build.0 = Debug|x64
		{A2AF85CC-E7D2-477C-810D-6FFFC882203D}.Debug|x64.Deploy.0 = Debug|x64
		{A2AF85CC-E7D2-477C-810D-6FFFC882203D}.Debug|x86.ActiveCfg = Debug|x86
		{A2AF85CC-E7D2-477C-810D-6FFFC882203D}.Debug|x86.Build.0 = Debug|x86
		{A2AF85CC-E7D2-477C-810D-6FFFC882203D}.Debug|x86.Deploy.0 = Debug|x86
		{A2AF85CC-E7D2-477C-810D-6FFFC882203D}.Release|Any CPU.ActiveCfg = Release|x86
		{A2AF85CC-E7D2-477C-810D-6FFFC882203D}.Release|Any CPU.Build.0 = Release|x86
		{A2AF85CC-E7D2-477C-810D-6FFFC882203D}.Release|Any CPU.Deploy.0 = Release|x86
		{A2AF85CC-E7D2-477C-810D-6FFFC882203D}.Release|ARM.ActiveCfg = Release|ARM
		{A2AF85CC-E7D2-477C-810D-6FFFC882203D}.Release|ARM.Build.0 = Release|ARM
		{A2AF85CC-E7D2-477C-810D-6FFFC882203D}.Release|ARM.Deploy.0 = Release|ARM
		{A2AF85CC-E7D2-477C-810D-6FFFC882203D}.Release|iPhone.ActiveCfg = Release|x86
		{A2AF85CC-E7D2-477C-810D-6FFFC882203D}.Release|iPhone.Build.0 = Release|x86
		{A2AF85CC-E7D2-477C-810D-6FFFC882203D}.Release|iPhone.Deploy.0 = Release|x86
		{A2AF85CC-E7D2-477C-810D-6FFFC882203D}.Release|iPhoneSimulator.ActiveCfg = Release|x86
		{A2AF85CC-E7D2-477C-810D-6FFFC882203D}.Release|iPhoneSimulator.Build.0 = Release|x86
		{A2AF85CC-E7D2-477C-810D-6FFFC882203D}.Release|iPhoneSimulator.Deploy.0 = Release|x86
		{A2AF85CC-E7D2-477C-810D-6FFFC882203D}.Release|x64.ActiveCfg = Release|x64
		{A2AF85CC-E7D2-477C-810D-6FFFC882203D}.Release|x64.Build.0 = Release|x64
		{A2AF85CC-E7D2-477C-810D-6FFFC882203D}.Release|x64.Deploy.0 = Release|x64
		{A2AF85CC-E7D2-477C-810D-6FFFC882203D}.Release|x86.ActiveCfg = Release|x86
		{A2AF85CC-E7D2-477C-810D-6FFFC882203D}.Release|x86.Build.0 = Release|x86
		{A2AF85CC-E7D2-477C-810D-6FFFC882203D}.Release|x86.Deploy.0 = Release|x86
		{B5F9AA58-00AB-4AD1-9A67-FF981D684CF6}.Debug|Any CPU.ActiveCfg = Debug|Any CPU
		{B5F9AA58-00AB-4AD1-9A67-FF981D684CF6}.Debug|Any CPU.Build.0 = Debug|Any CPU
		{B5F9AA58-00AB-4AD1-9A67-FF981D684CF6}.Debug|Any CPU.Deploy.0 = Debug|Any CPU
		{B5F9AA58-00AB-4AD1-9A67-FF981D684CF6}.Debug|ARM.ActiveCfg = Debug|Any CPU
		{B5F9AA58-00AB-4AD1-9A67-FF981D684CF6}.Debug|ARM.Build.0 = Debug|Any CPU
		{B5F9AA58-00AB-4AD1-9A67-FF981D684CF6}.Debug|ARM.Deploy.0 = Debug|Any CPU
		{B5F9AA58-00AB-4AD1-9A67-FF981D684CF6}.Debug|iPhone.ActiveCfg = Debug|Any CPU
		{B5F9AA58-00AB-4AD1-9A67-FF981D684CF6}.Debug|iPhone.Build.0 = Debug|Any CPU
		{B5F9AA58-00AB-4AD1-9A67-FF981D684CF6}.Debug|iPhone.Deploy.0 = Debug|Any CPU
		{B5F9AA58-00AB-4AD1-9A67-FF981D684CF6}.Debug|iPhoneSimulator.ActiveCfg = Debug|Any CPU
		{B5F9AA58-00AB-4AD1-9A67-FF981D684CF6}.Debug|iPhoneSimulator.Build.0 = Debug|Any CPU
		{B5F9AA58-00AB-4AD1-9A67-FF981D684CF6}.Debug|iPhoneSimulator.Deploy.0 = Debug|Any CPU
		{B5F9AA58-00AB-4AD1-9A67-FF981D684CF6}.Debug|x64.ActiveCfg = Debug|Any CPU
		{B5F9AA58-00AB-4AD1-9A67-FF981D684CF6}.Debug|x64.Build.0 = Debug|Any CPU
		{B5F9AA58-00AB-4AD1-9A67-FF981D684CF6}.Debug|x64.Deploy.0 = Debug|Any CPU
		{B5F9AA58-00AB-4AD1-9A67-FF981D684CF6}.Debug|x86.ActiveCfg = Debug|Any CPU
		{B5F9AA58-00AB-4AD1-9A67-FF981D684CF6}.Debug|x86.Build.0 = Debug|Any CPU
		{B5F9AA58-00AB-4AD1-9A67-FF981D684CF6}.Debug|x86.Deploy.0 = Debug|Any CPU
		{B5F9AA58-00AB-4AD1-9A67-FF981D684CF6}.Release|Any CPU.ActiveCfg = Release|Any CPU
		{B5F9AA58-00AB-4AD1-9A67-FF981D684CF6}.Release|Any CPU.Build.0 = Release|Any CPU
		{B5F9AA58-00AB-4AD1-9A67-FF981D684CF6}.Release|Any CPU.Deploy.0 = Release|Any CPU
		{B5F9AA58-00AB-4AD1-9A67-FF981D684CF6}.Release|ARM.ActiveCfg = Release|Any CPU
		{B5F9AA58-00AB-4AD1-9A67-FF981D684CF6}.Release|ARM.Build.0 = Release|Any CPU
		{B5F9AA58-00AB-4AD1-9A67-FF981D684CF6}.Release|ARM.Deploy.0 = Release|Any CPU
		{B5F9AA58-00AB-4AD1-9A67-FF981D684CF6}.Release|iPhone.ActiveCfg = Release|Any CPU
		{B5F9AA58-00AB-4AD1-9A67-FF981D684CF6}.Release|iPhone.Build.0 = Release|Any CPU
		{B5F9AA58-00AB-4AD1-9A67-FF981D684CF6}.Release|iPhone.Deploy.0 = Release|Any CPU
		{B5F9AA58-00AB-4AD1-9A67-FF981D684CF6}.Release|iPhoneSimulator.ActiveCfg = Release|Any CPU
		{B5F9AA58-00AB-4AD1-9A67-FF981D684CF6}.Release|iPhoneSimulator.Build.0 = Release|Any CPU
		{B5F9AA58-00AB-4AD1-9A67-FF981D684CF6}.Release|iPhoneSimulator.Deploy.0 = Release|Any CPU
		{B5F9AA58-00AB-4AD1-9A67-FF981D684CF6}.Release|x64.ActiveCfg = Release|Any CPU
		{B5F9AA58-00AB-4AD1-9A67-FF981D684CF6}.Release|x64.Build.0 = Release|Any CPU
		{B5F9AA58-00AB-4AD1-9A67-FF981D684CF6}.Release|x64.Deploy.0 = Release|Any CPU
		{B5F9AA58-00AB-4AD1-9A67-FF981D684CF6}.Release|x86.ActiveCfg = Release|Any CPU
		{B5F9AA58-00AB-4AD1-9A67-FF981D684CF6}.Release|x86.Build.0 = Release|Any CPU
		{B5F9AA58-00AB-4AD1-9A67-FF981D684CF6}.Release|x86.Deploy.0 = Release|Any CPU
	EndGlobalSection
	GlobalSection(SolutionProperties) = preSolution
		HideSolutionNode = FALSE
	EndGlobalSection
	GlobalSection(ExtensibilityGlobals) = postSolution
		SolutionGuid = {DB0D43A6-A899-4C50-AC0F-589ADEB12AF1}
	EndGlobalSection
EndGlobal
